// !$*UTF8*$!
{
	archiveVersion = 1;
	classes = {
	};
	objectVersion = 56;
	objects = {

/* Begin PBXBuildFile section */
		87086CBB150F3CBF4E076147 /* Pods_spotify.framework in Frameworks */ = {isa = PBXBuildFile; fileRef = 99B88DBA172842ED34CE9EAA /* Pods_spotify.framework */; };
		AD0EA201294E817D00C44BB6 /* NewReleasesCellViewModel.swift in Sources */ = {isa = PBXBuildFile; fileRef = AD0EA200294E817D00C44BB6 /* NewReleasesCellViewModel.swift */; };
		AD0EA203294E9F4500C44BB6 /* FeaturedPlaylistCellViewModel.swift in Sources */ = {isa = PBXBuildFile; fileRef = AD0EA202294E9F4500C44BB6 /* FeaturedPlaylistCellViewModel.swift */; };
		AD0EA205294E9F8000C44BB6 /* RecommendedTrackCellViewModel.swift in Sources */ = {isa = PBXBuildFile; fileRef = AD0EA204294E9F8000C44BB6 /* RecommendedTrackCellViewModel.swift */; };
		AD3C01CB2920583D00991630 /* NewReleasesResponse.swift in Sources */ = {isa = PBXBuildFile; fileRef = AD3C01CA2920583D00991630 /* NewReleasesResponse.swift */; };
		AD3C01CD29205AD800991630 /* APIImage.swift in Sources */ = {isa = PBXBuildFile; fileRef = AD3C01CC29205AD800991630 /* APIImage.swift */; };
		AD3C01CF292061A400991630 /* FeaturedPlaylistsResponse.swift in Sources */ = {isa = PBXBuildFile; fileRef = AD3C01CE292061A400991630 /* FeaturedPlaylistsResponse.swift */; };
		AD3C01D129206B6D00991630 /* RecommendedGenresResponse.swift in Sources */ = {isa = PBXBuildFile; fileRef = AD3C01D029206B6D00991630 /* RecommendedGenresResponse.swift */; };
		AD3C01D32920794900991630 /* RecommendationsResponse.swift in Sources */ = {isa = PBXBuildFile; fileRef = AD3C01D22920794900991630 /* RecommendationsResponse.swift */; };
		AD3C01D62921A1F100991630 /* NewReleaseCollectionViewCell.swift in Sources */ = {isa = PBXBuildFile; fileRef = AD3C01D52921A1F100991630 /* NewReleaseCollectionViewCell.swift */; };
		AD3C01D82921A20D00991630 /* FeaturedPlaylistCollectionViewCell.swift in Sources */ = {isa = PBXBuildFile; fileRef = AD3C01D72921A20D00991630 /* FeaturedPlaylistCollectionViewCell.swift */; };
		AD3C01DA2921A22100991630 /* RecommendedTrackCollectionViewCell.swift in Sources */ = {isa = PBXBuildFile; fileRef = AD3C01D92921A22100991630 /* RecommendedTrackCollectionViewCell.swift */; };
		AD52D48D291729B600A6D2FF /* AppDelegate.swift in Sources */ = {isa = PBXBuildFile; fileRef = AD52D48C291729B600A6D2FF /* AppDelegate.swift */; };
		AD52D48F291729B600A6D2FF /* SceneDelegate.swift in Sources */ = {isa = PBXBuildFile; fileRef = AD52D48E291729B600A6D2FF /* SceneDelegate.swift */; };
		AD52D491291729B600A6D2FF /* HomeViewController.swift in Sources */ = {isa = PBXBuildFile; fileRef = AD52D490291729B600A6D2FF /* HomeViewController.swift */; };
		AD52D496291729B800A6D2FF /* Assets.xcassets in Resources */ = {isa = PBXBuildFile; fileRef = AD52D495291729B800A6D2FF /* Assets.xcassets */; };
		AD52D499291729B800A6D2FF /* LaunchScreen.storyboard in Resources */ = {isa = PBXBuildFile; fileRef = AD52D497291729B800A6D2FF /* LaunchScreen.storyboard */; };
		AD52D4A829172DCE00A6D2FF /* TabBarViewController.swift in Sources */ = {isa = PBXBuildFile; fileRef = AD52D4A729172DCE00A6D2FF /* TabBarViewController.swift */; };
		AD52D4AA29172E0200A6D2FF /* SearchViewController.swift in Sources */ = {isa = PBXBuildFile; fileRef = AD52D4A929172E0200A6D2FF /* SearchViewController.swift */; };
		AD52D4AC29172E1100A6D2FF /* LibraryViewController.swift in Sources */ = {isa = PBXBuildFile; fileRef = AD52D4AB29172E1100A6D2FF /* LibraryViewController.swift */; };
		AD52D4B029172E3A00A6D2FF /* AuthViewController.swift in Sources */ = {isa = PBXBuildFile; fileRef = AD52D4AF29172E3A00A6D2FF /* AuthViewController.swift */; };
		AD52D4B229172E4300A6D2FF /* WelcomeViewController.swift in Sources */ = {isa = PBXBuildFile; fileRef = AD52D4B129172E4300A6D2FF /* WelcomeViewController.swift */; };
		AD52D4B429172E5300A6D2FF /* SettingsViewController.swift in Sources */ = {isa = PBXBuildFile; fileRef = AD52D4B329172E5300A6D2FF /* SettingsViewController.swift */; };
		AD52D4B629172E6000A6D2FF /* ProfileViewController.swift in Sources */ = {isa = PBXBuildFile; fileRef = AD52D4B529172E6000A6D2FF /* ProfileViewController.swift */; };
		AD52D4B829172E6A00A6D2FF /* PlayerViewController.swift in Sources */ = {isa = PBXBuildFile; fileRef = AD52D4B729172E6A00A6D2FF /* PlayerViewController.swift */; };
		AD52D4BA29172E7500A6D2FF /* PlaylistViewController.swift in Sources */ = {isa = PBXBuildFile; fileRef = AD52D4B929172E7500A6D2FF /* PlaylistViewController.swift */; };
		AD52D4BC29172E8900A6D2FF /* SearchResultsViewController.swift in Sources */ = {isa = PBXBuildFile; fileRef = AD52D4BB29172E8900A6D2FF /* SearchResultsViewController.swift */; };
		AD52D4BE29172FDD00A6D2FF /* AuthManager.swift in Sources */ = {isa = PBXBuildFile; fileRef = AD52D4BD29172FDD00A6D2FF /* AuthManager.swift */; };
		AD52D4C029172FEB00A6D2FF /* APICaller.swift in Sources */ = {isa = PBXBuildFile; fileRef = AD52D4BF29172FEB00A6D2FF /* APICaller.swift */; };
		AD52D4C22917300200A6D2FF /* HapticsManager.swift in Sources */ = {isa = PBXBuildFile; fileRef = AD52D4C12917300200A6D2FF /* HapticsManager.swift */; };
		AD52D4C52917304700A6D2FF /* Playlist.swift in Sources */ = {isa = PBXBuildFile; fileRef = AD52D4C42917304700A6D2FF /* Playlist.swift */; };
		AD52D4C72917305000A6D2FF /* AudioTrack.swift in Sources */ = {isa = PBXBuildFile; fileRef = AD52D4C62917305000A6D2FF /* AudioTrack.swift */; };
		AD52D4C92917305A00A6D2FF /* Artist.swift in Sources */ = {isa = PBXBuildFile; fileRef = AD52D4C82917305A00A6D2FF /* Artist.swift */; };
		AD52D4CB2917306200A6D2FF /* UserProfile.swift in Sources */ = {isa = PBXBuildFile; fileRef = AD52D4CA2917306200A6D2FF /* UserProfile.swift */; };
		AD661827291801290099DCD5 /* Extensions.swift in Sources */ = {isa = PBXBuildFile; fileRef = AD661826291801290099DCD5 /* Extensions.swift */; };
		AD661829291812410099DCD5 /* Utils.swift in Sources */ = {isa = PBXBuildFile; fileRef = AD661828291812410099DCD5 /* Utils.swift */; };
		AD66182B291849670099DCD5 /* AuthResponse.swift in Sources */ = {isa = PBXBuildFile; fileRef = AD66182A291849670099DCD5 /* AuthResponse.swift */; };
		AD661842291B22310099DCD5 /* SettingsModels.swift in Sources */ = {isa = PBXBuildFile; fileRef = AD661841291B22310099DCD5 /* SettingsModels.swift */; };
/* End PBXBuildFile section */

/* Begin PBXFileReference section */
		43BFB7E9A4ED29497EAAC3EE /* Pods-spotify.release.xcconfig */ = {isa = PBXFileReference; includeInIndex = 1; lastKnownFileType = text.xcconfig; name = "Pods-spotify.release.xcconfig"; path = "Target Support Files/Pods-spotify/Pods-spotify.release.xcconfig"; sourceTree = "<group>"; };
		99B88DBA172842ED34CE9EAA /* Pods_spotify.framework */ = {isa = PBXFileReference; explicitFileType = wrapper.framework; includeInIndex = 0; path = Pods_spotify.framework; sourceTree = BUILT_PRODUCTS_DIR; };
		AD0EA200294E817D00C44BB6 /* NewReleasesCellViewModel.swift */ = {isa = PBXFileReference; lastKnownFileType = sourcecode.swift; path = NewReleasesCellViewModel.swift; sourceTree = "<group>"; };
		AD0EA202294E9F4500C44BB6 /* FeaturedPlaylistCellViewModel.swift */ = {isa = PBXFileReference; lastKnownFileType = sourcecode.swift; path = FeaturedPlaylistCellViewModel.swift; sourceTree = "<group>"; };
		AD0EA204294E9F8000C44BB6 /* RecommendedTrackCellViewModel.swift */ = {isa = PBXFileReference; lastKnownFileType = sourcecode.swift; path = RecommendedTrackCellViewModel.swift; sourceTree = "<group>"; };
		AD3C01CA2920583D00991630 /* NewReleasesResponse.swift */ = {isa = PBXFileReference; lastKnownFileType = sourcecode.swift; path = NewReleasesResponse.swift; sourceTree = "<group>"; };
		AD3C01CC29205AD800991630 /* APIImage.swift */ = {isa = PBXFileReference; lastKnownFileType = sourcecode.swift; path = APIImage.swift; sourceTree = "<group>"; };
		AD3C01CE292061A400991630 /* FeaturedPlaylistsResponse.swift */ = {isa = PBXFileReference; lastKnownFileType = sourcecode.swift; path = FeaturedPlaylistsResponse.swift; sourceTree = "<group>"; };
		AD3C01D029206B6D00991630 /* RecommendedGenresResponse.swift */ = {isa = PBXFileReference; lastKnownFileType = sourcecode.swift; path = RecommendedGenresResponse.swift; sourceTree = "<group>"; };
		AD3C01D22920794900991630 /* RecommendationsResponse.swift */ = {isa = PBXFileReference; lastKnownFileType = sourcecode.swift; path = RecommendationsResponse.swift; sourceTree = "<group>"; };
		AD3C01D52921A1F100991630 /* NewReleaseCollectionViewCell.swift */ = {isa = PBXFileReference; lastKnownFileType = sourcecode.swift; path = NewReleaseCollectionViewCell.swift; sourceTree = "<group>"; };
		AD3C01D72921A20D00991630 /* FeaturedPlaylistCollectionViewCell.swift */ = {isa = PBXFileReference; lastKnownFileType = sourcecode.swift; path = FeaturedPlaylistCollectionViewCell.swift; sourceTree = "<group>"; };
		AD3C01D92921A22100991630 /* RecommendedTrackCollectionViewCell.swift */ = {isa = PBXFileReference; lastKnownFileType = sourcecode.swift; path = RecommendedTrackCollectionViewCell.swift; sourceTree = "<group>"; };
		AD52D489291729B600A6D2FF /* spotify.app */ = {isa = PBXFileReference; explicitFileType = wrapper.application; includeInIndex = 0; path = spotify.app; sourceTree = BUILT_PRODUCTS_DIR; };
		AD52D48C291729B600A6D2FF /* AppDelegate.swift */ = {isa = PBXFileReference; lastKnownFileType = sourcecode.swift; path = AppDelegate.swift; sourceTree = "<group>"; };
		AD52D48E291729B600A6D2FF /* SceneDelegate.swift */ = {isa = PBXFileReference; lastKnownFileType = sourcecode.swift; path = SceneDelegate.swift; sourceTree = "<group>"; };
		AD52D490291729B600A6D2FF /* HomeViewController.swift */ = {isa = PBXFileReference; lastKnownFileType = sourcecode.swift; path = HomeViewController.swift; sourceTree = "<group>"; };
		AD52D495291729B800A6D2FF /* Assets.xcassets */ = {isa = PBXFileReference; lastKnownFileType = folder.assetcatalog; path = Assets.xcassets; sourceTree = "<group>"; };
		AD52D498291729B800A6D2FF /* Base */ = {isa = PBXFileReference; lastKnownFileType = file.storyboard; name = Base; path = Base.lproj/LaunchScreen.storyboard; sourceTree = "<group>"; };
		AD52D49A291729B800A6D2FF /* Info.plist */ = {isa = PBXFileReference; lastKnownFileType = text.plist.xml; path = Info.plist; sourceTree = "<group>"; };
		AD52D4A729172DCE00A6D2FF /* TabBarViewController.swift */ = {isa = PBXFileReference; lastKnownFileType = sourcecode.swift; path = TabBarViewController.swift; sourceTree = "<group>"; };
		AD52D4A929172E0200A6D2FF /* SearchViewController.swift */ = {isa = PBXFileReference; lastKnownFileType = sourcecode.swift; path = SearchViewController.swift; sourceTree = "<group>"; };
		AD52D4AB29172E1100A6D2FF /* LibraryViewController.swift */ = {isa = PBXFileReference; lastKnownFileType = sourcecode.swift; path = LibraryViewController.swift; sourceTree = "<group>"; };
		AD52D4AF29172E3A00A6D2FF /* AuthViewController.swift */ = {isa = PBXFileReference; lastKnownFileType = sourcecode.swift; path = AuthViewController.swift; sourceTree = "<group>"; };
		AD52D4B129172E4300A6D2FF /* WelcomeViewController.swift */ = {isa = PBXFileReference; lastKnownFileType = sourcecode.swift; path = WelcomeViewController.swift; sourceTree = "<group>"; };
		AD52D4B329172E5300A6D2FF /* SettingsViewController.swift */ = {isa = PBXFileReference; lastKnownFileType = sourcecode.swift; path = SettingsViewController.swift; sourceTree = "<group>"; };
		AD52D4B529172E6000A6D2FF /* ProfileViewController.swift */ = {isa = PBXFileReference; lastKnownFileType = sourcecode.swift; path = ProfileViewController.swift; sourceTree = "<group>"; };
		AD52D4B729172E6A00A6D2FF /* PlayerViewController.swift */ = {isa = PBXFileReference; lastKnownFileType = sourcecode.swift; path = PlayerViewController.swift; sourceTree = "<group>"; };
		AD52D4B929172E7500A6D2FF /* PlaylistViewController.swift */ = {isa = PBXFileReference; lastKnownFileType = sourcecode.swift; path = PlaylistViewController.swift; sourceTree = "<group>"; };
		AD52D4BB29172E8900A6D2FF /* SearchResultsViewController.swift */ = {isa = PBXFileReference; lastKnownFileType = sourcecode.swift; path = SearchResultsViewController.swift; sourceTree = "<group>"; };
		AD52D4BD29172FDD00A6D2FF /* AuthManager.swift */ = {isa = PBXFileReference; lastKnownFileType = sourcecode.swift; path = AuthManager.swift; sourceTree = "<group>"; };
		AD52D4BF29172FEB00A6D2FF /* APICaller.swift */ = {isa = PBXFileReference; lastKnownFileType = sourcecode.swift; path = APICaller.swift; sourceTree = "<group>"; };
		AD52D4C12917300200A6D2FF /* HapticsManager.swift */ = {isa = PBXFileReference; lastKnownFileType = sourcecode.swift; path = HapticsManager.swift; sourceTree = "<group>"; };
		AD52D4C42917304700A6D2FF /* Playlist.swift */ = {isa = PBXFileReference; lastKnownFileType = sourcecode.swift; path = Playlist.swift; sourceTree = "<group>"; };
		AD52D4C62917305000A6D2FF /* AudioTrack.swift */ = {isa = PBXFileReference; lastKnownFileType = sourcecode.swift; path = AudioTrack.swift; sourceTree = "<group>"; };
		AD52D4C82917305A00A6D2FF /* Artist.swift */ = {isa = PBXFileReference; lastKnownFileType = sourcecode.swift; path = Artist.swift; sourceTree = "<group>"; };
		AD52D4CA2917306200A6D2FF /* UserProfile.swift */ = {isa = PBXFileReference; lastKnownFileType = sourcecode.swift; path = UserProfile.swift; sourceTree = "<group>"; };
		AD661826291801290099DCD5 /* Extensions.swift */ = {isa = PBXFileReference; lastKnownFileType = sourcecode.swift; path = Extensions.swift; sourceTree = "<group>"; };
		AD661828291812410099DCD5 /* Utils.swift */ = {isa = PBXFileReference; lastKnownFileType = sourcecode.swift; path = Utils.swift; sourceTree = "<group>"; };
		AD66182A291849670099DCD5 /* AuthResponse.swift */ = {isa = PBXFileReference; lastKnownFileType = sourcecode.swift; path = AuthResponse.swift; sourceTree = "<group>"; };
		AD661841291B22310099DCD5 /* SettingsModels.swift */ = {isa = PBXFileReference; lastKnownFileType = sourcecode.swift; path = SettingsModels.swift; sourceTree = "<group>"; };
		CCFE17BB79489E3B3AC0F2BB /* Pods-spotify.debug.xcconfig */ = {isa = PBXFileReference; includeInIndex = 1; lastKnownFileType = text.xcconfig; name = "Pods-spotify.debug.xcconfig"; path = "Target Support Files/Pods-spotify/Pods-spotify.debug.xcconfig"; sourceTree = "<group>"; };
/* End PBXFileReference section */

/* Begin PBXFrameworksBuildPhase section */
		AD52D486291729B600A6D2FF /* Frameworks */ = {
			isa = PBXFrameworksBuildPhase;
			buildActionMask = 2147483647;
			files = (
				87086CBB150F3CBF4E076147 /* Pods_spotify.framework in Frameworks */,
			);
			runOnlyForDeploymentPostprocessing = 0;
		};
/* End PBXFrameworksBuildPhase section */

/* Begin PBXGroup section */
		24734E1364C07C7EEFCF492D /* Frameworks */ = {
			isa = PBXGroup;
			children = (
				99B88DBA172842ED34CE9EAA /* Pods_spotify.framework */,
			);
			name = Frameworks;
			sourceTree = "<group>";
		};
		6572014B7F23E15E4F8D8585 /* Pods */ = {
			isa = PBXGroup;
			children = (
				CCFE17BB79489E3B3AC0F2BB /* Pods-spotify.debug.xcconfig */,
				43BFB7E9A4ED29497EAAC3EE /* Pods-spotify.release.xcconfig */,
			);
			path = Pods;
			sourceTree = "<group>";
		};
		AD3C01D42921A1CC00991630 /* Browse */ = {
			isa = PBXGroup;
			children = (
				AD3C01D52921A1F100991630 /* NewReleaseCollectionViewCell.swift */,
				AD3C01D72921A20D00991630 /* FeaturedPlaylistCollectionViewCell.swift */,
				AD3C01D92921A22100991630 /* RecommendedTrackCollectionViewCell.swift */,
			);
			path = Browse;
			sourceTree = "<group>";
		};
		AD52D480291729B600A6D2FF = {
			isa = PBXGroup;
			children = (
				AD52D48B291729B600A6D2FF /* spotify */,
				AD52D48A291729B600A6D2FF /* Products */,
				6572014B7F23E15E4F8D8585 /* Pods */,
				24734E1364C07C7EEFCF492D /* Frameworks */,
			);
			sourceTree = "<group>";
		};
		AD52D48A291729B600A6D2FF /* Products */ = {
			isa = PBXGroup;
			children = (
				AD52D489291729B600A6D2FF /* spotify.app */,
			);
			name = Products;
			sourceTree = "<group>";
		};
		AD52D48B291729B600A6D2FF /* spotify */ = {
			isa = PBXGroup;
			children = (
				AD52D4A429172A3B00A6D2FF /* Resources */,
				AD52D4A329172A2D00A6D2FF /* Managers */,
				AD52D4A229172A1800A6D2FF /* ViewModels */,
				AD52D4C32917302700A6D2FF /* Models */,
				AD52D4A129172A0C00A6D2FF /* Views */,
				AD52D4A0291729FD00A6D2FF /* Controllers */,
				AD52D49A291729B800A6D2FF /* Info.plist */,
			);
			path = spotify;
			sourceTree = "<group>";
		};
		AD52D4A0291729FD00A6D2FF /* Controllers */ = {
			isa = PBXGroup;
			children = (
				AD52D4AE29172E2800A6D2FF /* Other */,
				AD52D4AD29172E1B00A6D2FF /* Core */,
			);
			path = Controllers;
			sourceTree = "<group>";
		};
		AD52D4A129172A0C00A6D2FF /* Views */ = {
			isa = PBXGroup;
			children = (
				AD3C01D42921A1CC00991630 /* Browse */,
				AD52D497291729B800A6D2FF /* LaunchScreen.storyboard */,
			);
			path = Views;
			sourceTree = "<group>";
		};
		AD52D4A229172A1800A6D2FF /* ViewModels */ = {
			isa = PBXGroup;
			children = (
				AD0EA200294E817D00C44BB6 /* NewReleasesCellViewModel.swift */,
				AD0EA202294E9F4500C44BB6 /* FeaturedPlaylistCellViewModel.swift */,
				AD0EA204294E9F8000C44BB6 /* RecommendedTrackCellViewModel.swift */,
			);
			path = ViewModels;
			sourceTree = "<group>";
		};
		AD52D4A329172A2D00A6D2FF /* Managers */ = {
			isa = PBXGroup;
			children = (
				AD52D4BD29172FDD00A6D2FF /* AuthManager.swift */,
				AD52D4BF29172FEB00A6D2FF /* APICaller.swift */,
				AD52D4C12917300200A6D2FF /* HapticsManager.swift */,
			);
			path = Managers;
			sourceTree = "<group>";
		};
		AD52D4A429172A3B00A6D2FF /* Resources */ = {
			isa = PBXGroup;
			children = (
				AD52D495291729B800A6D2FF /* Assets.xcassets */,
				AD52D48C291729B600A6D2FF /* AppDelegate.swift */,
				AD52D48E291729B600A6D2FF /* SceneDelegate.swift */,
				AD661826291801290099DCD5 /* Extensions.swift */,
				AD661828291812410099DCD5 /* Utils.swift */,
			);
			path = Resources;
			sourceTree = "<group>";
		};
		AD52D4AD29172E1B00A6D2FF /* Core */ = {
			isa = PBXGroup;
			children = (
				AD52D4A729172DCE00A6D2FF /* TabBarViewController.swift */,
				AD52D490291729B600A6D2FF /* HomeViewController.swift */,
				AD52D4A929172E0200A6D2FF /* SearchViewController.swift */,
				AD52D4AB29172E1100A6D2FF /* LibraryViewController.swift */,
			);
			path = Core;
			sourceTree = "<group>";
		};
		AD52D4AE29172E2800A6D2FF /* Other */ = {
			isa = PBXGroup;
			children = (
				AD52D4AF29172E3A00A6D2FF /* AuthViewController.swift */,
				AD52D4B129172E4300A6D2FF /* WelcomeViewController.swift */,
				AD52D4B329172E5300A6D2FF /* SettingsViewController.swift */,
				AD52D4B529172E6000A6D2FF /* ProfileViewController.swift */,
				AD52D4B729172E6A00A6D2FF /* PlayerViewController.swift */,
				AD52D4B929172E7500A6D2FF /* PlaylistViewController.swift */,
				AD52D4BB29172E8900A6D2FF /* SearchResultsViewController.swift */,
			);
			path = Other;
			sourceTree = "<group>";
		};
		AD52D4C32917302700A6D2FF /* Models */ = {
			isa = PBXGroup;
			children = (
				AD52D4C42917304700A6D2FF /* Playlist.swift */,
				AD52D4C62917305000A6D2FF /* AudioTrack.swift */,
				AD52D4C82917305A00A6D2FF /* Artist.swift */,
				AD52D4CA2917306200A6D2FF /* UserProfile.swift */,
				AD66182A291849670099DCD5 /* AuthResponse.swift */,
				AD661841291B22310099DCD5 /* SettingsModels.swift */,
				AD3C01CA2920583D00991630 /* NewReleasesResponse.swift */,
				AD3C01CC29205AD800991630 /* APIImage.swift */,
				AD3C01CE292061A400991630 /* FeaturedPlaylistsResponse.swift */,
				AD3C01D029206B6D00991630 /* RecommendedGenresResponse.swift */,
				AD3C01D22920794900991630 /* RecommendationsResponse.swift */,
			);
			path = Models;
			sourceTree = "<group>";
		};
/* End PBXGroup section */

/* Begin PBXNativeTarget section */
		AD52D488291729B600A6D2FF /* spotify */ = {
			isa = PBXNativeTarget;
			buildConfigurationList = AD52D49D291729B800A6D2FF /* Build configuration list for PBXNativeTarget "spotify" */;
			buildPhases = (
				3A79A2AA2247299DFDE74CC1 /* [CP] Check Pods Manifest.lock */,
				AD52D485291729B600A6D2FF /* Sources */,
				AD52D486291729B600A6D2FF /* Frameworks */,
				AD52D487291729B600A6D2FF /* Resources */,
				A88C3CF1B20A8174FFF0AB16 /* [CP] Embed Pods Frameworks */,
			);
			buildRules = (
			);
			dependencies = (
			);
			name = spotify;
			productName = spotify;
			productReference = AD52D489291729B600A6D2FF /* spotify.app */;
			productType = "com.apple.product-type.application";
		};
/* End PBXNativeTarget section */

/* Begin PBXProject section */
		AD52D481291729B600A6D2FF /* Project object */ = {
			isa = PBXProject;
			attributes = {
				BuildIndependentTargetsInParallel = 1;
				LastSwiftUpdateCheck = 1410;
				LastUpgradeCheck = 1410;
				TargetAttributes = {
					AD52D488291729B600A6D2FF = {
						CreatedOnToolsVersion = 14.1;
					};
				};
			};
			buildConfigurationList = AD52D484291729B600A6D2FF /* Build configuration list for PBXProject "spotify" */;
			compatibilityVersion = "Xcode 14.0";
			developmentRegion = en;
			hasScannedForEncodings = 0;
			knownRegions = (
				en,
				Base,
			);
			mainGroup = AD52D480291729B600A6D2FF;
			productRefGroup = AD52D48A291729B600A6D2FF /* Products */;
			projectDirPath = "";
			projectRoot = "";
			targets = (
				AD52D488291729B600A6D2FF /* spotify */,
			);
		};
/* End PBXProject section */

/* Begin PBXResourcesBuildPhase section */
		AD52D487291729B600A6D2FF /* Resources */ = {
			isa = PBXResourcesBuildPhase;
			buildActionMask = 2147483647;
			files = (
				AD52D499291729B800A6D2FF /* LaunchScreen.storyboard in Resources */,
				AD52D496291729B800A6D2FF /* Assets.xcassets in Resources */,
			);
			runOnlyForDeploymentPostprocessing = 0;
		};
/* End PBXResourcesBuildPhase section */

/* Begin PBXShellScriptBuildPhase section */
		3A79A2AA2247299DFDE74CC1 /* [CP] Check Pods Manifest.lock */ = {
			isa = PBXShellScriptBuildPhase;
			buildActionMask = 2147483647;
			files = (
			);
			inputFileListPaths = (
			);
			inputPaths = (
				"${PODS_PODFILE_DIR_PATH}/Podfile.lock",
				"${PODS_ROOT}/Manifest.lock",
			);
			name = "[CP] Check Pods Manifest.lock";
			outputFileListPaths = (
			);
			outputPaths = (
				"$(DERIVED_FILE_DIR)/Pods-spotify-checkManifestLockResult.txt",
			);
			runOnlyForDeploymentPostprocessing = 0;
			shellPath = /bin/sh;
			shellScript = "diff \"${PODS_PODFILE_DIR_PATH}/Podfile.lock\" \"${PODS_ROOT}/Manifest.lock\" > /dev/null\nif [ $? != 0 ] ; then\n    # print error to STDERR\n    echo \"error: The sandbox is not in sync with the Podfile.lock. Run 'pod install' or update your CocoaPods installation.\" >&2\n    exit 1\nfi\n# This output is used by Xcode 'outputs' to avoid re-running this script phase.\necho \"SUCCESS\" > \"${SCRIPT_OUTPUT_FILE_0}\"\n";
			showEnvVarsInLog = 0;
		};
		A88C3CF1B20A8174FFF0AB16 /* [CP] Embed Pods Frameworks */ = {
			isa = PBXShellScriptBuildPhase;
			buildActionMask = 2147483647;
			files = (
			);
			inputFileListPaths = (
				"${PODS_ROOT}/Target Support Files/Pods-spotify/Pods-spotify-frameworks-${CONFIGURATION}-input-files.xcfilelist",
			);
			name = "[CP] Embed Pods Frameworks";
			outputFileListPaths = (
				"${PODS_ROOT}/Target Support Files/Pods-spotify/Pods-spotify-frameworks-${CONFIGURATION}-output-files.xcfilelist",
			);
			runOnlyForDeploymentPostprocessing = 0;
			shellPath = /bin/sh;
			shellScript = "\"${PODS_ROOT}/Target Support Files/Pods-spotify/Pods-spotify-frameworks.sh\"\n";
			showEnvVarsInLog = 0;
		};
/* End PBXShellScriptBuildPhase section */

/* Begin PBXSourcesBuildPhase section */
		AD52D485291729B600A6D2FF /* Sources */ = {
			isa = PBXSourcesBuildPhase;
			buildActionMask = 2147483647;
			files = (
				AD0EA201294E817D00C44BB6 /* NewReleasesCellViewModel.swift in Sources */,
				AD52D4AA29172E0200A6D2FF /* SearchViewController.swift in Sources */,
				AD3C01D62921A1F100991630 /* NewReleaseCollectionViewCell.swift in Sources */,
				AD3C01DA2921A22100991630 /* RecommendedTrackCollectionViewCell.swift in Sources */,
				AD0EA205294E9F8000C44BB6 /* RecommendedTrackCellViewModel.swift in Sources */,
				AD0EA203294E9F4500C44BB6 /* FeaturedPlaylistCellViewModel.swift in Sources */,
				AD52D4CB2917306200A6D2FF /* UserProfile.swift in Sources */,
				AD52D4C52917304700A6D2FF /* Playlist.swift in Sources */,
				AD52D4BE29172FDD00A6D2FF /* AuthManager.swift in Sources */,
				AD3C01D129206B6D00991630 /* RecommendedGenresResponse.swift in Sources */,
				AD661842291B22310099DCD5 /* SettingsModels.swift in Sources */,
				AD52D4BC29172E8900A6D2FF /* SearchResultsViewController.swift in Sources */,
				AD3C01CD29205AD800991630 /* APIImage.swift in Sources */,
				AD52D4B229172E4300A6D2FF /* WelcomeViewController.swift in Sources */,
				AD3C01CB2920583D00991630 /* NewReleasesResponse.swift in Sources */,
				AD52D4B629172E6000A6D2FF /* ProfileViewController.swift in Sources */,
				AD661829291812410099DCD5 /* Utils.swift in Sources */,
				AD52D4A829172DCE00A6D2FF /* TabBarViewController.swift in Sources */,
				AD52D4C22917300200A6D2FF /* HapticsManager.swift in Sources */,
				AD52D4C72917305000A6D2FF /* AudioTrack.swift in Sources */,
				AD52D491291729B600A6D2FF /* HomeViewController.swift in Sources */,
				AD52D4B029172E3A00A6D2FF /* AuthViewController.swift in Sources */,
				AD52D48D291729B600A6D2FF /* AppDelegate.swift in Sources */,
				AD661827291801290099DCD5 /* Extensions.swift in Sources */,
				AD3C01D82921A20D00991630 /* FeaturedPlaylistCollectionViewCell.swift in Sources */,
				AD52D4AC29172E1100A6D2FF /* LibraryViewController.swift in Sources */,
				AD52D4C92917305A00A6D2FF /* Artist.swift in Sources */,
				AD52D4BA29172E7500A6D2FF /* PlaylistViewController.swift in Sources */,
				AD52D48F291729B600A6D2FF /* SceneDelegate.swift in Sources */,
				AD3C01CF292061A400991630 /* FeaturedPlaylistsResponse.swift in Sources */,
				AD52D4B829172E6A00A6D2FF /* PlayerViewController.swift in Sources */,
				AD52D4C029172FEB00A6D2FF /* APICaller.swift in Sources */,
				AD66182B291849670099DCD5 /* AuthResponse.swift in Sources */,
				AD52D4B429172E5300A6D2FF /* SettingsViewController.swift in Sources */,
				AD3C01D32920794900991630 /* RecommendationsResponse.swift in Sources */,
			);
			runOnlyForDeploymentPostprocessing = 0;
		};
/* End PBXSourcesBuildPhase section */

/* Begin PBXVariantGroup section */
		AD52D497291729B800A6D2FF /* LaunchScreen.storyboard */ = {
			isa = PBXVariantGroup;
			children = (
				AD52D498291729B800A6D2FF /* Base */,
			);
			name = LaunchScreen.storyboard;
			sourceTree = "<group>";
		};
/* End PBXVariantGroup section */

/* Begin XCBuildConfiguration section */
		AD52D49B291729B800A6D2FF /* Debug */ = {
			isa = XCBuildConfiguration;
			buildSettings = {
				ALWAYS_SEARCH_USER_PATHS = NO;
				CLANG_ANALYZER_NONNULL = YES;
				CLANG_ANALYZER_NUMBER_OBJECT_CONVERSION = YES_AGGRESSIVE;
				CLANG_CXX_LANGUAGE_STANDARD = "gnu++20";
				CLANG_ENABLE_MODULES = YES;
				CLANG_ENABLE_OBJC_ARC = YES;
				CLANG_ENABLE_OBJC_WEAK = YES;
				CLANG_WARN_BLOCK_CAPTURE_AUTORELEASING = YES;
				CLANG_WARN_BOOL_CONVERSION = YES;
				CLANG_WARN_COMMA = YES;
				CLANG_WARN_CONSTANT_CONVERSION = YES;
				CLANG_WARN_DEPRECATED_OBJC_IMPLEMENTATIONS = YES;
				CLANG_WARN_DIRECT_OBJC_ISA_USAGE = YES_ERROR;
				CLANG_WARN_DOCUMENTATION_COMMENTS = YES;
				CLANG_WARN_EMPTY_BODY = YES;
				CLANG_WARN_ENUM_CONVERSION = YES;
				CLANG_WARN_INFINITE_RECURSION = YES;
				CLANG_WARN_INT_CONVERSION = YES;
				CLANG_WARN_NON_LITERAL_NULL_CONVERSION = YES;
				CLANG_WARN_OBJC_IMPLICIT_RETAIN_SELF = YES;
				CLANG_WARN_OBJC_LITERAL_CONVERSION = YES;
				CLANG_WARN_OBJC_ROOT_CLASS = YES_ERROR;
				CLANG_WARN_QUOTED_INCLUDE_IN_FRAMEWORK_HEADER = YES;
				CLANG_WARN_RANGE_LOOP_ANALYSIS = YES;
				CLANG_WARN_STRICT_PROTOTYPES = YES;
				CLANG_WARN_SUSPICIOUS_MOVE = YES;
				CLANG_WARN_UNGUARDED_AVAILABILITY = YES_AGGRESSIVE;
				CLANG_WARN_UNREACHABLE_CODE = YES;
				CLANG_WARN__DUPLICATE_METHOD_MATCH = YES;
				COPY_PHASE_STRIP = NO;
				DEBUG_INFORMATION_FORMAT = dwarf;
				ENABLE_STRICT_OBJC_MSGSEND = YES;
				ENABLE_TESTABILITY = YES;
				GCC_C_LANGUAGE_STANDARD = gnu11;
				GCC_DYNAMIC_NO_PIC = NO;
				GCC_NO_COMMON_BLOCKS = YES;
				GCC_OPTIMIZATION_LEVEL = 0;
				GCC_PREPROCESSOR_DEFINITIONS = (
					"DEBUG=1",
					"$(inherited)",
				);
				GCC_WARN_64_TO_32_BIT_CONVERSION = YES;
				GCC_WARN_ABOUT_RETURN_TYPE = YES_ERROR;
				GCC_WARN_UNDECLARED_SELECTOR = YES;
				GCC_WARN_UNINITIALIZED_AUTOS = YES_AGGRESSIVE;
				GCC_WARN_UNUSED_FUNCTION = YES;
				GCC_WARN_UNUSED_VARIABLE = YES;
				IPHONEOS_DEPLOYMENT_TARGET = 16.1;
				MTL_ENABLE_DEBUG_INFO = INCLUDE_SOURCE;
				MTL_FAST_MATH = YES;
				ONLY_ACTIVE_ARCH = YES;
				SDKROOT = iphoneos;
				SWIFT_ACTIVE_COMPILATION_CONDITIONS = DEBUG;
				SWIFT_OPTIMIZATION_LEVEL = "-Onone";
			};
			name = Debug;
		};
		AD52D49C291729B800A6D2FF /* Release */ = {
			isa = XCBuildConfiguration;
			buildSettings = {
				ALWAYS_SEARCH_USER_PATHS = NO;
				CLANG_ANALYZER_NONNULL = YES;
				CLANG_ANALYZER_NUMBER_OBJECT_CONVERSION = YES_AGGRESSIVE;
				CLANG_CXX_LANGUAGE_STANDARD = "gnu++20";
				CLANG_ENABLE_MODULES = YES;
				CLANG_ENABLE_OBJC_ARC = YES;
				CLANG_ENABLE_OBJC_WEAK = YES;
				CLANG_WARN_BLOCK_CAPTURE_AUTORELEASING = YES;
				CLANG_WARN_BOOL_CONVERSION = YES;
				CLANG_WARN_COMMA = YES;
				CLANG_WARN_CONSTANT_CONVERSION = YES;
				CLANG_WARN_DEPRECATED_OBJC_IMPLEMENTATIONS = YES;
				CLANG_WARN_DIRECT_OBJC_ISA_USAGE = YES_ERROR;
				CLANG_WARN_DOCUMENTATION_COMMENTS = YES;
				CLANG_WARN_EMPTY_BODY = YES;
				CLANG_WARN_ENUM_CONVERSION = YES;
				CLANG_WARN_INFINITE_RECURSION = YES;
				CLANG_WARN_INT_CONVERSION = YES;
				CLANG_WARN_NON_LITERAL_NULL_CONVERSION = YES;
				CLANG_WARN_OBJC_IMPLICIT_RETAIN_SELF = YES;
				CLANG_WARN_OBJC_LITERAL_CONVERSION = YES;
				CLANG_WARN_OBJC_ROOT_CLASS = YES_ERROR;
				CLANG_WARN_QUOTED_INCLUDE_IN_FRAMEWORK_HEADER = YES;
				CLANG_WARN_RANGE_LOOP_ANALYSIS = YES;
				CLANG_WARN_STRICT_PROTOTYPES = YES;
				CLANG_WARN_SUSPICIOUS_MOVE = YES;
				CLANG_WARN_UNGUARDED_AVAILABILITY = YES_AGGRESSIVE;
				CLANG_WARN_UNREACHABLE_CODE = YES;
				CLANG_WARN__DUPLICATE_METHOD_MATCH = YES;
				COPY_PHASE_STRIP = NO;
				DEBUG_INFORMATION_FORMAT = "dwarf-with-dsym";
				ENABLE_NS_ASSERTIONS = NO;
				ENABLE_STRICT_OBJC_MSGSEND = YES;
				GCC_C_LANGUAGE_STANDARD = gnu11;
				GCC_NO_COMMON_BLOCKS = YES;
				GCC_WARN_64_TO_32_BIT_CONVERSION = YES;
				GCC_WARN_ABOUT_RETURN_TYPE = YES_ERROR;
				GCC_WARN_UNDECLARED_SELECTOR = YES;
				GCC_WARN_UNINITIALIZED_AUTOS = YES_AGGRESSIVE;
				GCC_WARN_UNUSED_FUNCTION = YES;
				GCC_WARN_UNUSED_VARIABLE = YES;
				IPHONEOS_DEPLOYMENT_TARGET = 16.1;
				MTL_ENABLE_DEBUG_INFO = NO;
				MTL_FAST_MATH = YES;
				SDKROOT = iphoneos;
				SWIFT_COMPILATION_MODE = wholemodule;
				SWIFT_OPTIMIZATION_LEVEL = "-O";
				VALIDATE_PRODUCT = YES;
			};
			name = Release;
		};
		AD52D49E291729B800A6D2FF /* Debug */ = {
			isa = XCBuildConfiguration;
			baseConfigurationReference = CCFE17BB79489E3B3AC0F2BB /* Pods-spotify.debug.xcconfig */;
			buildSettings = {
				ASSETCATALOG_COMPILER_APPICON_NAME = AppIcon;
				ASSETCATALOG_COMPILER_GLOBAL_ACCENT_COLOR_NAME = AccentColor;
				CODE_SIGN_STYLE = Automatic;
				CURRENT_PROJECT_VERSION = 1;
				GENERATE_INFOPLIST_FILE = YES;
				INFOPLIST_FILE = spotify/Info.plist;
				INFOPLIST_KEY_UIApplicationSupportsIndirectInputEvents = YES;
				INFOPLIST_KEY_UILaunchStoryboardName = LaunchScreen;
				INFOPLIST_KEY_UISupportedInterfaceOrientations_iPad = "UIInterfaceOrientationPortrait UIInterfaceOrientationPortraitUpsideDown UIInterfaceOrientationLandscapeLeft UIInterfaceOrientationLandscapeRight";
				INFOPLIST_KEY_UISupportedInterfaceOrientations_iPhone = "UIInterfaceOrientationPortrait UIInterfaceOrientationLandscapeLeft UIInterfaceOrientationLandscapeRight";
				IPHONEOS_DEPLOYMENT_TARGET = 15.0;
				LD_RUNPATH_SEARCH_PATHS = (
					"$(inherited)",
					"@executable_path/Frameworks",
				);
				MARKETING_VERSION = 1.0;
				PRODUCT_BUNDLE_IDENTIFIER = com.allexis.spotify;
				PRODUCT_NAME = "$(TARGET_NAME)";
				SWIFT_EMIT_LOC_STRINGS = YES;
				SWIFT_VERSION = 5.0;
				TARGETED_DEVICE_FAMILY = "1,2";
			};
			name = Debug;
		};
		AD52D49F291729B800A6D2FF /* Release */ = {
			isa = XCBuildConfiguration;
			baseConfigurationReference = 43BFB7E9A4ED29497EAAC3EE /* Pods-spotify.release.xcconfig */;
			buildSettings = {
				ASSETCATALOG_COMPILER_APPICON_NAME = AppIcon;
				ASSETCATALOG_COMPILER_GLOBAL_ACCENT_COLOR_NAME = AccentColor;
				CODE_SIGN_STYLE = Automatic;
				CURRENT_PROJECT_VERSION = 1;
				GENERATE_INFOPLIST_FILE = YES;
				INFOPLIST_FILE = spotify/Info.plist;
				INFOPLIST_KEY_UIApplicationSupportsIndirectInputEvents = YES;
				INFOPLIST_KEY_UILaunchStoryboardName = LaunchScreen;
				INFOPLIST_KEY_UISupportedInterfaceOrientations_iPad = "UIInterfaceOrientationPortrait UIInterfaceOrientationPortraitUpsideDown UIInterfaceOrientationLandscapeLeft UIInterfaceOrientationLandscapeRight";
				INFOPLIST_KEY_UISupportedInterfaceOrientations_iPhone = "UIInterfaceOrientationPortrait UIInterfaceOrientationLandscapeLeft UIInterfaceOrientationLandscapeRight";
				IPHONEOS_DEPLOYMENT_TARGET = 15.0;
				LD_RUNPATH_SEARCH_PATHS = (
					"$(inherited)",
					"@executable_path/Frameworks",
				);
				MARKETING_VERSION = 1.0;
				PRODUCT_BUNDLE_IDENTIFIER = com.allexis.spotify;
				PRODUCT_NAME = "$(TARGET_NAME)";
				SWIFT_EMIT_LOC_STRINGS = YES;
				SWIFT_VERSION = 5.0;
				TARGETED_DEVICE_FAMILY = "1,2";
			};
			name = Release;
		};
/* End XCBuildConfiguration section */

/* Begin XCConfigurationList section */
		AD52D484291729B600A6D2FF /* Build configuration list for PBXProject "spotify" */ = {
			isa = XCConfigurationList;
			buildConfigurations = (
				AD52D49B291729B800A6D2FF /* Debug */,
				AD52D49C291729B800A6D2FF /* Release */,
			);
			defaultConfigurationIsVisible = 0;
			defaultConfigurationName = Release;
		};
		AD52D49D291729B800A6D2FF /* Build configuration list for PBXNativeTarget "spotify" */ = {
			isa = XCConfigurationList;
			buildConfigurations = (
				AD52D49E291729B800A6D2FF /* Debug */,
				AD52D49F291729B800A6D2FF /* Release */,
			);
			defaultConfigurationIsVisible = 0;
			defaultConfigurationName = Release;
		};
/* End XCConfigurationList section */
	};
	rootObject = AD52D481291729B600A6D2FF /* Project object */;
}
